
Microsoft Visual Studio Solution File, Format Version 12.00
# Visual Studio Version 17
VisualStudioVersion = 17.9.34728.123
MinimumVisualStudioVersion = 10.0.40219.1
Project("{FAE04EC0-301F-11D3-BF4B-00C04F79EFBC}") = "ButonYakalamaOyunu", "ButonYakalamaOyunu\ButonYakalamaOyunu.csproj", "{3DC8456D-3F76-4EE1-8A76-D6653C5E581D}"
EndProject
Global
	GlobalSection(SolutionConfigurationPlatforms) = preSolution
		Debug|Any CPU = Debug|Any CPU
		Release|Any CPU = Release|Any CPU
	EndGlobalSection
	GlobalSection(ProjectConfigurationPlatforms) = postSolution
		{3DC8456D-3F76-4EE1-8A76-D6653C5E581D}.Debug|Any CPU.ActiveCfg = Debug|Any CPU
		{3DC8456D-3F76-4EE1-8A76-D6653C5E581D}.Debug|Any CPU.Build.0 = Debug|Any CPU
		{3DC8456D-3F76-4EE1-8A76-D6653C5E581D}.Release|Any CPU.ActiveCfg = Release|Any CPU
		{3DC8456D-3F76-4EE1-8A76-D6653C5E581D}.Release|Any CPU.Build.0 = Release|Any CPU
	EndGlobalSection
	GlobalSection(SolutionProperties) = preSolution
		HideSolutionNode = FALSE
	EndGlobalSection
	GlobalSection(ExtensibilityGlobals) = postSolution
		SolutionGuid = {13EBE50D-FE77-4A9C-BEA0-454F0A78F80D}
	EndGlobalSection
EndGlobal
